
Microsoft Visual Studio Solution File, Format Version 10.00
# Visual Studio 2008
Project("{FAE04EC0-301F-11D3-BF4B-00C04F79EFBC}") = "WinFormsExample", "WinFormsExample.csproj", "{536EACC8-A6F1-4A22-9FDE-4AF153BC82D6}"
EndProject
Project("{FAE04EC0-301F-11D3-BF4B-00C04F79EFBC}") = "TeamNet.Data.FileExport", "..\..\TeamNet.Data.FileExport\TeamNet.Data.FileExport.csproj", "{5DC91A01-6519-4A8A-A11D-6CC1F3329A76}"
EndProject
Global
	GlobalSection(TeamFoundationVersionControl) = preSolution
		SccNumberOfProjects = 3
		SccEnterpriseProvider = {4CA58AB2-18FA-4F8D-95D4-32DDF27D184C}
		SccTeamFoundationServer = https://tfs10.codeplex.com/
		SccProjectUniqueName0 = ..\\..\\TeamNet.Data.FileExport\\TeamNet.Data.FileExport.csproj
		SccProjectName0 = ../../TeamNet.Data.FileExport
		SccLocalPath0 = ..\\..\\TeamNet.Data.FileExport
		SccLocalPath1 = .
		SccProjectUniqueName2 = WinFormsExample.csproj
		SccLocalPath2 = .
	EndGlobalSection
	GlobalSection(SolutionConfigurationPlatforms) = preSolution
		Debug|Any CPU = Debug|Any CPU
		Release|Any CPU = Release|Any CPU
	EndGlobalSection
	GlobalSection(ProjectConfigurationPlatforms) = postSolution
		{536EACC8-A6F1-4A22-9FDE-4AF153BC82D6}.Debug|Any CPU.ActiveCfg = Debug|Any CPU
		{536EACC8-A6F1-4A22-9FDE-4AF153BC82D6}.Debug|Any CPU.Build.0 = Debug|Any CPU
		{536EACC8-A6F1-4A22-9FDE-4AF153BC82D6}.Release|Any CPU.ActiveCfg = Release|Any CPU
		{536EACC8-A6F1-4A22-9FDE-4AF153BC82D6}.Release|Any CPU.Build.0 = Release|Any CPU
		{5DC91A01-6519-4A8A-A11D-6CC1F3329A76}.Debug|Any CPU.ActiveCfg = Debug|Any CPU
		{5DC91A01-6519-4A8A-A11D-6CC1F3329A76}.Debug|Any CPU.Build.0 = Debug|Any CPU
		{5DC91A01-6519-4A8A-A11D-6CC1F3329A76}.Release|Any CPU.ActiveCfg = Release|Any CPU
		{5DC91A01-6519-4A8A-A11D-6CC1F3329A76}.Release|Any CPU.Build.0 = Release|Any CPU
	EndGlobalSection
	GlobalSection(SolutionProperties) = preSolution
		HideSolutionNode = FALSE
	EndGlobalSection
EndGlobal
